
Microsoft Visual Studio Solution File, Format Version 12.00
# Visual Studio Version 17
VisualStudioVersion = 17.6.33829.357
MinimumVisualStudioVersion = 10.0.40219.1
Project("{FAE04EC0-301F-11D3-BF4B-00C04F79EFBC}") = "Exercício 08", "Exercício 08\Exercício 08.csproj", "{100820B1-3D27-463E-95CE-EA2D33BB4103}"
EndProject
Global
	GlobalSection(SolutionConfigurationPlatforms) = preSolution
		Debug|Any CPU = Debug|Any CPU
		Release|Any CPU = Release|Any CPU
	EndGlobalSection
	GlobalSection(ProjectConfigurationPlatforms) = postSolution
		{100820B1-3D27-463E-95CE-EA2D33BB4103}.Debug|Any CPU.ActiveCfg = Debug|Any CPU
		{100820B1-3D27-463E-95CE-EA2D33BB4103}.Debug|Any CPU.Build.0 = Debug|Any CPU
		{100820B1-3D27-463E-95CE-EA2D33BB4103}.Release|Any CPU.ActiveCfg = Release|Any CPU
		{100820B1-3D27-463E-95CE-EA2D33BB4103}.Release|Any CPU.Build.0 = Release|Any CPU
	EndGlobalSection
	GlobalSection(SolutionProperties) = preSolution
		HideSolutionNode = FALSE
	EndGlobalSection
	GlobalSection(ExtensibilityGlobals) = postSolution
		SolutionGuid = {CF50846C-2A0D-4C9E-BBCC-3C5C4D165653}
	EndGlobalSection
EndGlobal
