
Microsoft Visual Studio Solution File, Format Version 12.00
# Visual Studio Version 17
VisualStudioVersion = 17.6.33829.357
MinimumVisualStudioVersion = 10.0.40219.1
Project("{FAE04EC0-301F-11D3-BF4B-00C04F79EFBC}") = "Exercício 03", "Exercício 03\Exercício 03.csproj", "{D0A3A8FC-19CB-4BEF-A3F6-B3D02189A998}"
EndProject
Global
	GlobalSection(SolutionConfigurationPlatforms) = preSolution
		Debug|Any CPU = Debug|Any CPU
		Release|Any CPU = Release|Any CPU
	EndGlobalSection
	GlobalSection(ProjectConfigurationPlatforms) = postSolution
		{D0A3A8FC-19CB-4BEF-A3F6-B3D02189A998}.Debug|Any CPU.ActiveCfg = Debug|Any CPU
		{D0A3A8FC-19CB-4BEF-A3F6-B3D02189A998}.Debug|Any CPU.Build.0 = Debug|Any CPU
		{D0A3A8FC-19CB-4BEF-A3F6-B3D02189A998}.Release|Any CPU.ActiveCfg = Release|Any CPU
		{D0A3A8FC-19CB-4BEF-A3F6-B3D02189A998}.Release|Any CPU.Build.0 = Release|Any CPU
	EndGlobalSection
	GlobalSection(SolutionProperties) = preSolution
		HideSolutionNode = FALSE
	EndGlobalSection
	GlobalSection(ExtensibilityGlobals) = postSolution
		SolutionGuid = {F7247AD9-CB03-446E-BEEB-DDEFBFAD8159}
	EndGlobalSection
EndGlobal
