
Microsoft Visual Studio Solution File, Format Version 12.00
# Visual Studio Version 17
VisualStudioVersion = 17.6.33829.357
MinimumVisualStudioVersion = 10.0.40219.1
Project("{FAE04EC0-301F-11D3-BF4B-00C04F79EFBC}") = "Atividade 01", "Atividade 01\Atividade 01.csproj", "{A89FC2FB-8A5A-4900-88C5-EC7E110D61F4}"
EndProject
Global
	GlobalSection(SolutionConfigurationPlatforms) = preSolution
		Debug|Any CPU = Debug|Any CPU
		Release|Any CPU = Release|Any CPU
	EndGlobalSection
	GlobalSection(ProjectConfigurationPlatforms) = postSolution
		{A89FC2FB-8A5A-4900-88C5-EC7E110D61F4}.Debug|Any CPU.ActiveCfg = Debug|Any CPU
		{A89FC2FB-8A5A-4900-88C5-EC7E110D61F4}.Debug|Any CPU.Build.0 = Debug|Any CPU
		{A89FC2FB-8A5A-4900-88C5-EC7E110D61F4}.Release|Any CPU.ActiveCfg = Release|Any CPU
		{A89FC2FB-8A5A-4900-88C5-EC7E110D61F4}.Release|Any CPU.Build.0 = Release|Any CPU
	EndGlobalSection
	GlobalSection(SolutionProperties) = preSolution
		HideSolutionNode = FALSE
	EndGlobalSection
	GlobalSection(ExtensibilityGlobals) = postSolution
		SolutionGuid = {23BCBA98-78D1-4ED5-9855-C82AAC3291A0}
	EndGlobalSection
EndGlobal
