
Microsoft Visual Studio Solution File, Format Version 12.00
# Visual Studio Version 17
VisualStudioVersion = 17.6.33829.357
MinimumVisualStudioVersion = 10.0.40219.1
Project("{FAE04EC0-301F-11D3-BF4B-00C04F79EFBC}") = "exercício 07", "exercício 07\exercício 07.csproj", "{3083A8AD-309C-40B2-8492-942FC49293CA}"
EndProject
Global
	GlobalSection(SolutionConfigurationPlatforms) = preSolution
		Debug|Any CPU = Debug|Any CPU
		Release|Any CPU = Release|Any CPU
	EndGlobalSection
	GlobalSection(ProjectConfigurationPlatforms) = postSolution
		{3083A8AD-309C-40B2-8492-942FC49293CA}.Debug|Any CPU.ActiveCfg = Debug|Any CPU
		{3083A8AD-309C-40B2-8492-942FC49293CA}.Debug|Any CPU.Build.0 = Debug|Any CPU
		{3083A8AD-309C-40B2-8492-942FC49293CA}.Release|Any CPU.ActiveCfg = Release|Any CPU
		{3083A8AD-309C-40B2-8492-942FC49293CA}.Release|Any CPU.Build.0 = Release|Any CPU
	EndGlobalSection
	GlobalSection(SolutionProperties) = preSolution
		HideSolutionNode = FALSE
	EndGlobalSection
	GlobalSection(ExtensibilityGlobals) = postSolution
		SolutionGuid = {87CCE642-45D4-408C-BB24-1B90B963FB04}
	EndGlobalSection
EndGlobal
