
Microsoft Visual Studio Solution File, Format Version 12.00
# Visual Studio Version 17
VisualStudioVersion = 17.6.33829.357
MinimumVisualStudioVersion = 10.0.40219.1
Project("{FAE04EC0-301F-11D3-BF4B-00C04F79EFBC}") = "Exercício 13", "Exercício 13\Exercício 13.csproj", "{5E82F0A9-7885-41AF-9786-1B80753F367A}"
EndProject
Global
	GlobalSection(SolutionConfigurationPlatforms) = preSolution
		Debug|Any CPU = Debug|Any CPU
		Release|Any CPU = Release|Any CPU
	EndGlobalSection
	GlobalSection(ProjectConfigurationPlatforms) = postSolution
		{5E82F0A9-7885-41AF-9786-1B80753F367A}.Debug|Any CPU.ActiveCfg = Debug|Any CPU
		{5E82F0A9-7885-41AF-9786-1B80753F367A}.Debug|Any CPU.Build.0 = Debug|Any CPU
		{5E82F0A9-7885-41AF-9786-1B80753F367A}.Release|Any CPU.ActiveCfg = Release|Any CPU
		{5E82F0A9-7885-41AF-9786-1B80753F367A}.Release|Any CPU.Build.0 = Release|Any CPU
	EndGlobalSection
	GlobalSection(SolutionProperties) = preSolution
		HideSolutionNode = FALSE
	EndGlobalSection
	GlobalSection(ExtensibilityGlobals) = postSolution
		SolutionGuid = {9E8FF343-2606-4B3B-82B0-377AACD98646}
	EndGlobalSection
EndGlobal
